// !$*UTF8*$!
{
	archiveVersion = 1;
	classes = {
	};
	objectVersion = 46;
	objects = {

/* Begin PBXBuildFile section */
		CD0F71D21A623F56001C8CF0 /* CoreBluetooth.framework in Frameworks */ = {isa = PBXBuildFile; fileRef = CD0F71D11A623F56001C8CF0 /* CoreBluetooth.framework */; };
		CD0F71D41A624149001C8CF0 /* QuartzCore.framework in Frameworks */ = {isa = PBXBuildFile; fileRef = CD0F71D31A624149001C8CF0 /* QuartzCore.framework */; };
		CD3613EC1A49C4B4006AE87E /* AppDelegate.swift in Sources */ = {isa = PBXBuildFile; fileRef = CD3613EB1A49C4B4006AE87E /* AppDelegate.swift */; };
		CD3613EF1A49C4B4006AE87E /* SmartSpray.xcdatamodeld in Sources */ = {isa = PBXBuildFile; fileRef = CD3613ED1A49C4B4006AE87E /* SmartSpray.xcdatamodeld */; };
		CD3613F61A49C4B4006AE87E /* Images.xcassets in Resources */ = {isa = PBXBuildFile; fileRef = CD3613F51A49C4B4006AE87E /* Images.xcassets */; };
		CD3614051A49C4B4006AE87E /* SmartSprayTests.swift in Sources */ = {isa = PBXBuildFile; fileRef = CD3614041A49C4B4006AE87E /* SmartSprayTests.swift */; };
		CDEDC2331A625B4500EA0127 /* Default-568h@2x.png in Resources */ = {isa = PBXBuildFile; fileRef = CDEDC2321A625B4500EA0127 /* Default-568h@2x.png */; };
		CDEDC2381A626E9700EA0127 /* CBCentralManagerViewController.swift in Sources */ = {isa = PBXBuildFile; fileRef = CDEDC2371A626E9700EA0127 /* CBCentralManagerViewController.swift */; };
		CDEDC23C1A6274C500EA0127 /* CBPeripheralViewController.swift in Sources */ = {isa = PBXBuildFile; fileRef = CDEDC23B1A6274C500EA0127 /* CBPeripheralViewController.swift */; };
		CDEDC23E1A62792F00EA0127 /* CBPeripheralViewController.xib in Resources */ = {isa = PBXBuildFile; fileRef = CDEDC23D1A62792F00EA0127 /* CBPeripheralViewController.xib */; };
		CDF0D7CA1A4EA5A600FBA892 /* HomeViewController.xib in Resources */ = {isa = PBXBuildFile; fileRef = CDF0D7C91A4EA5A600FBA892 /* HomeViewController.xib */; };
		CDF0D7CF1A4EA68600FBA892 /* HomeViewController.swift in Sources */ = {isa = PBXBuildFile; fileRef = CDF0D7CE1A4EA68600FBA892 /* HomeViewController.swift */; };
		CDF0D7D41A4EA87A00FBA892 /* msds-icon.png in Resources */ = {isa = PBXBuildFile; fileRef = CDF0D7D01A4EA87A00FBA892 /* msds-icon.png */; };
		CDF0D7D51A4EA87A00FBA892 /* msds-name.png in Resources */ = {isa = PBXBuildFile; fileRef = CDF0D7D11A4EA87A00FBA892 /* msds-name.png */; };
		CDF0D7D61A4EA87A00FBA892 /* separate-top-angle.png in Resources */ = {isa = PBXBuildFile; fileRef = CDF0D7D21A4EA87A00FBA892 /* separate-top-angle.png */; };
		CDF0D7D71A4EA87A00FBA892 /* smart-spray.png in Resources */ = {isa = PBXBuildFile; fileRef = CDF0D7D31A4EA87A00FBA892 /* smart-spray.png */; };
		CDF0D7E61A4F5DC600FBA892 /* AVFoundation.framework in Frameworks */ = {isa = PBXBuildFile; fileRef = CDF0D7E51A4F5DC600FBA892 /* AVFoundation.framework */; };
		CDF0D7E81A4F5DD400FBA892 /* CoreGraphics.framework in Frameworks */ = {isa = PBXBuildFile; fileRef = CDF0D7E71A4F5DD400FBA892 /* CoreGraphics.framework */; };
		CDF0D7EA1A4F5DDB00FBA892 /* UIKit.framework in Frameworks */ = {isa = PBXBuildFile; fileRef = CDF0D7E91A4F5DDB00FBA892 /* UIKit.framework */; };
		CDF0D7EC1A4F5DE400FBA892 /* Foundation.framework in Frameworks */ = {isa = PBXBuildFile; fileRef = CDF0D7EB1A4F5DE400FBA892 /* Foundation.framework */; };
		CDF0D7F01A4F5FEC00FBA892 /* siren.mp3 in Resources */ = {isa = PBXBuildFile; fileRef = CDF0D7EF1A4F5FEC00FBA892 /* siren.mp3 */; };
		CDF0D7F51A50B7B500FBA892 /* camera-icon.png in Resources */ = {isa = PBXBuildFile; fileRef = CDF0D7F11A50B7B500FBA892 /* camera-icon.png */; };
		CDF0D7F61A50B7B500FBA892 /* message-icon.png in Resources */ = {isa = PBXBuildFile; fileRef = CDF0D7F21A50B7B500FBA892 /* message-icon.png */; };
		CDF0D7F71A50B7B500FBA892 /* phone-icon.png in Resources */ = {isa = PBXBuildFile; fileRef = CDF0D7F31A50B7B500FBA892 /* phone-icon.png */; };
		CDF0D7F81A50B7B500FBA892 /* speaker-icon.png in Resources */ = {isa = PBXBuildFile; fileRef = CDF0D7F41A50B7B500FBA892 /* speaker-icon.png */; };
/* End PBXBuildFile section */

/* Begin PBXContainerItemProxy section */
		CD3613FF1A49C4B4006AE87E /* PBXContainerItemProxy */ = {
			isa = PBXContainerItemProxy;
			containerPortal = CD3613DE1A49C4B4006AE87E /* Project object */;
			proxyType = 1;
			remoteGlobalIDString = CD3613E51A49C4B4006AE87E;
			remoteInfo = SmartSpray;
		};
/* End PBXContainerItemProxy section */

/* Begin PBXFileReference section */
		CD0F71D11A623F56001C8CF0 /* CoreBluetooth.framework */ = {isa = PBXFileReference; lastKnownFileType = wrapper.framework; name = CoreBluetooth.framework; path = System/Library/Frameworks/CoreBluetooth.framework; sourceTree = SDKROOT; };
		CD0F71D31A624149001C8CF0 /* QuartzCore.framework */ = {isa = PBXFileReference; lastKnownFileType = wrapper.framework; name = QuartzCore.framework; path = System/Library/Frameworks/QuartzCore.framework; sourceTree = SDKROOT; };
		CD3613E61A49C4B4006AE87E /* SmartSpray.app */ = {isa = PBXFileReference; explicitFileType = wrapper.application; includeInIndex = 0; path = SmartSpray.app; sourceTree = BUILT_PRODUCTS_DIR; };
		CD3613EA1A49C4B4006AE87E /* Info.plist */ = {isa = PBXFileReference; lastKnownFileType = text.plist.xml; path = Info.plist; sourceTree = "<group>"; };
		CD3613EB1A49C4B4006AE87E /* AppDelegate.swift */ = {isa = PBXFileReference; lastKnownFileType = sourcecode.swift; path = AppDelegate.swift; sourceTree = "<group>"; };
		CD3613EE1A49C4B4006AE87E /* SmartSpray.xcdatamodel */ = {isa = PBXFileReference; lastKnownFileType = wrapper.xcdatamodel; path = SmartSpray.xcdatamodel; sourceTree = "<group>"; };
		CD3613F51A49C4B4006AE87E /* Images.xcassets */ = {isa = PBXFileReference; lastKnownFileType = folder.assetcatalog; path = Images.xcassets; sourceTree = "<group>"; };
		CD3613FE1A49C4B4006AE87E /* SmartSprayTests.xctest */ = {isa = PBXFileReference; explicitFileType = wrapper.cfbundle; includeInIndex = 0; path = SmartSprayTests.xctest; sourceTree = BUILT_PRODUCTS_DIR; };
		CD3614031A49C4B4006AE87E /* Info.plist */ = {isa = PBXFileReference; lastKnownFileType = text.plist.xml; path = Info.plist; sourceTree = "<group>"; };
		CD3614041A49C4B4006AE87E /* SmartSprayTests.swift */ = {isa = PBXFileReference; lastKnownFileType = sourcecode.swift; path = SmartSprayTests.swift; sourceTree = "<group>"; };
		CDEDC2321A625B4500EA0127 /* Default-568h@2x.png */ = {isa = PBXFileReference; lastKnownFileType = image.png; name = "Default-568h@2x.png"; path = "../Default-568h@2x.png"; sourceTree = "<group>"; };
		CDEDC2371A626E9700EA0127 /* CBCentralManagerViewController.swift */ = {isa = PBXFileReference; fileEncoding = 4; lastKnownFileType = sourcecode.swift; path = CBCentralManagerViewController.swift; sourceTree = "<group>"; };
		CDEDC23B1A6274C500EA0127 /* CBPeripheralViewController.swift */ = {isa = PBXFileReference; fileEncoding = 4; lastKnownFileType = sourcecode.swift; path = CBPeripheralViewController.swift; sourceTree = "<group>"; };
		CDEDC23D1A62792F00EA0127 /* CBPeripheralViewController.xib */ = {isa = PBXFileReference; fileEncoding = 4; lastKnownFileType = file.xib; path = CBPeripheralViewController.xib; sourceTree = "<group>"; };
		CDF0D7C91A4EA5A600FBA892 /* HomeViewController.xib */ = {isa = PBXFileReference; fileEncoding = 4; lastKnownFileType = file.xib; path = HomeViewController.xib; sourceTree = "<group>"; };
		CDF0D7CE1A4EA68600FBA892 /* HomeViewController.swift */ = {isa = PBXFileReference; fileEncoding = 4; lastKnownFileType = sourcecode.swift; path = HomeViewController.swift; sourceTree = "<group>"; };
		CDF0D7D01A4EA87A00FBA892 /* msds-icon.png */ = {isa = PBXFileReference; lastKnownFileType = image.png; name = "msds-icon.png"; path = "Images.xcassets/msds-icon.png"; sourceTree = "<group>"; };
		CDF0D7D11A4EA87A00FBA892 /* msds-name.png */ = {isa = PBXFileReference; lastKnownFileType = image.png; name = "msds-name.png"; path = "Images.xcassets/msds-name.png"; sourceTree = "<group>"; };
		CDF0D7D21A4EA87A00FBA892 /* separate-top-angle.png */ = {isa = PBXFileReference; lastKnownFileType = image.png; name = "separate-top-angle.png"; path = "Images.xcassets/separate-top-angle.png"; sourceTree = "<group>"; };
		CDF0D7D31A4EA87A00FBA892 /* smart-spray.png */ = {isa = PBXFileReference; lastKnownFileType = image.png; name = "smart-spray.png"; path = "Images.xcassets/smart-spray.png"; sourceTree = "<group>"; };
		CDF0D7E51A4F5DC600FBA892 /* AVFoundation.framework */ = {isa = PBXFileReference; lastKnownFileType = wrapper.framework; name = AVFoundation.framework; path = System/Library/Frameworks/AVFoundation.framework; sourceTree = SDKROOT; };
		CDF0D7E71A4F5DD400FBA892 /* CoreGraphics.framework */ = {isa = PBXFileReference; lastKnownFileType = wrapper.framework; name = CoreGraphics.framework; path = System/Library/Frameworks/CoreGraphics.framework; sourceTree = SDKROOT; };
		CDF0D7E91A4F5DDB00FBA892 /* UIKit.framework */ = {isa = PBXFileReference; lastKnownFileType = wrapper.framework; name = UIKit.framework; path = System/Library/Frameworks/UIKit.framework; sourceTree = SDKROOT; };
		CDF0D7EB1A4F5DE400FBA892 /* Foundation.framework */ = {isa = PBXFileReference; lastKnownFileType = wrapper.framework; name = Foundation.framework; path = System/Library/Frameworks/Foundation.framework; sourceTree = SDKROOT; };
		CDF0D7EF1A4F5FEC00FBA892 /* siren.mp3 */ = {isa = PBXFileReference; lastKnownFileType = audio.mp3; name = siren.mp3; path = "Audio Files/siren.mp3"; sourceTree = "<group>"; };
		CDF0D7F11A50B7B500FBA892 /* camera-icon.png */ = {isa = PBXFileReference; lastKnownFileType = image.png; name = "camera-icon.png"; path = "Images.xcassets/camera-icon.png"; sourceTree = "<group>"; };
		CDF0D7F21A50B7B500FBA892 /* message-icon.png */ = {isa = PBXFileReference; lastKnownFileType = image.png; name = "message-icon.png"; path = "Images.xcassets/message-icon.png"; sourceTree = "<group>"; };
		CDF0D7F31A50B7B500FBA892 /* phone-icon.png */ = {isa = PBXFileReference; lastKnownFileType = image.png; name = "phone-icon.png"; path = "Images.xcassets/phone-icon.png"; sourceTree = "<group>"; };
		CDF0D7F41A50B7B500FBA892 /* speaker-icon.png */ = {isa = PBXFileReference; lastKnownFileType = image.png; name = "speaker-icon.png"; path = "Images.xcassets/speaker-icon.png"; sourceTree = "<group>"; };
/* End PBXFileReference section */

/* Begin PBXFrameworksBuildPhase section */
		CD3613E31A49C4B4006AE87E /* Frameworks */ = {
			isa = PBXFrameworksBuildPhase;
			buildActionMask = 2147483647;
			files = (
				CD0F71D41A624149001C8CF0 /* QuartzCore.framework in Frameworks */,
				CD0F71D21A623F56001C8CF0 /* CoreBluetooth.framework in Frameworks */,
				CDF0D7EC1A4F5DE400FBA892 /* Foundation.framework in Frameworks */,
				CDF0D7EA1A4F5DDB00FBA892 /* UIKit.framework in Frameworks */,
				CDF0D7E81A4F5DD400FBA892 /* CoreGraphics.framework in Frameworks */,
				CDF0D7E61A4F5DC600FBA892 /* AVFoundation.framework in Frameworks */,
			);
			runOnlyForDeploymentPostprocessing = 0;
		};
		CD3613FB1A49C4B4006AE87E /* Frameworks */ = {
			isa = PBXFrameworksBuildPhase;
			buildActionMask = 2147483647;
			files = (
			);
			runOnlyForDeploymentPostprocessing = 0;
		};
/* End PBXFrameworksBuildPhase section */

/* Begin PBXGroup section */
		CD3613DD1A49C4B4006AE87E = {
			isa = PBXGroup;
			children = (
				CD3613E81A49C4B4006AE87E /* SmartSpray */,
				CD3614011A49C4B4006AE87E /* SmartSprayTests */,
				CD3613E71A49C4B4006AE87E /* Products */,
			);
			sourceTree = "<group>";
		};
		CD3613E71A49C4B4006AE87E /* Products */ = {
			isa = PBXGroup;
			children = (
				CD3613E61A49C4B4006AE87E /* SmartSpray.app */,
				CD3613FE1A49C4B4006AE87E /* SmartSprayTests.xctest */,
			);
			name = Products;
			sourceTree = "<group>";
		};
		CD3613E81A49C4B4006AE87E /* SmartSpray */ = {
			isa = PBXGroup;
			children = (
				CD3613EB1A49C4B4006AE87E /* AppDelegate.swift */,
				CDF0D7CE1A4EA68600FBA892 /* HomeViewController.swift */,
				CDF0D7C91A4EA5A600FBA892 /* HomeViewController.xib */,
				CDEDC2371A626E9700EA0127 /* CBCentralManagerViewController.swift */,
				CDEDC23B1A6274C500EA0127 /* CBPeripheralViewController.swift */,
				CDEDC23D1A62792F00EA0127 /* CBPeripheralViewController.xib */,
				CD3613E91A49C4B4006AE87E /* Supporting Files */,
			);
			path = SmartSpray;
			sourceTree = "<group>";
		};
		CD3613E91A49C4B4006AE87E /* Supporting Files */ = {
			isa = PBXGroup;
			children = (
				CD3613EA1A49C4B4006AE87E /* Info.plist */,
				CD3613ED1A49C4B4006AE87E /* SmartSpray.xcdatamodeld */,
				CDEDC23A1A62700B00EA0127 /* Frameworks */,
				CDF0D7D81A4EA88200FBA892 /* Image Files */,
				CDEDC2391A626FED00EA0127 /* Audio Files */,
			);
			name = "Supporting Files";
			sourceTree = "<group>";
		};
		CD3614011A49C4B4006AE87E /* SmartSprayTests */ = {
			isa = PBXGroup;
			children = (
				CD3614041A49C4B4006AE87E /* SmartSprayTests.swift */,
				CD3614021A49C4B4006AE87E /* Supporting Files */,
			);
			path = SmartSprayTests;
			sourceTree = "<group>";
		};
		CD3614021A49C4B4006AE87E /* Supporting Files */ = {
			isa = PBXGroup;
			children = (
				CD3614031A49C4B4006AE87E /* Info.plist */,
			);
			name = "Supporting Files";
			sourceTree = "<group>";
		};
		CDEDC2391A626FED00EA0127 /* Audio Files */ = {
			isa = PBXGroup;
			children = (
				CDF0D7EF1A4F5FEC00FBA892 /* siren.mp3 */,
			);
			name = "Audio Files";
			sourceTree = "<group>";
		};
		CDEDC23A1A62700B00EA0127 /* Frameworks */ = {
			isa = PBXGroup;
			children = (
				CD0F71D31A624149001C8CF0 /* QuartzCore.framework */,
				CD0F71D11A623F56001C8CF0 /* CoreBluetooth.framework */,
				CDF0D7EB1A4F5DE400FBA892 /* Foundation.framework */,
				CDF0D7E91A4F5DDB00FBA892 /* UIKit.framework */,
				CDF0D7E71A4F5DD400FBA892 /* CoreGraphics.framework */,
				CDF0D7E51A4F5DC600FBA892 /* AVFoundation.framework */,
			);
			name = Frameworks;
			sourceTree = "<group>";
		};
		CDF0D7D81A4EA88200FBA892 /* Image Files */ = {
			isa = PBXGroup;
			children = (
				CD3613F51A49C4B4006AE87E /* Images.xcassets */,
				CDF0D7F11A50B7B500FBA892 /* camera-icon.png */,
				CDEDC2321A625B4500EA0127 /* Default-568h@2x.png */,
				CDF0D7F21A50B7B500FBA892 /* message-icon.png */,
				CDF0D7F31A50B7B500FBA892 /* phone-icon.png */,
				CDF0D7F41A50B7B500FBA892 /* speaker-icon.png */,
				CDF0D7D01A4EA87A00FBA892 /* msds-icon.png */,
				CDF0D7D11A4EA87A00FBA892 /* msds-name.png */,
				CDF0D7D21A4EA87A00FBA892 /* separate-top-angle.png */,
				CDF0D7D31A4EA87A00FBA892 /* smart-spray.png */,
			);
			name = "Image Files";
			sourceTree = "<group>";
		};
/* End PBXGroup section */

/* Begin PBXNativeTarget section */
		CD3613E51A49C4B4006AE87E /* SmartSpray */ = {
			isa = PBXNativeTarget;
			buildConfigurationList = CD3614081A49C4B4006AE87E /* Build configuration list for PBXNativeTarget "SmartSpray" */;
			buildPhases = (
				CD3613E21A49C4B4006AE87E /* Sources */,
				CD3613E31A49C4B4006AE87E /* Frameworks */,
				CD3613E41A49C4B4006AE87E /* Resources */,
			);
			buildRules = (
			);
			dependencies = (
			);
			name = SmartSpray;
			productName = SmartSpray;
			productReference = CD3613E61A49C4B4006AE87E /* SmartSpray.app */;
			productType = "com.apple.product-type.application";
		};
		CD3613FD1A49C4B4006AE87E /* SmartSprayTests */ = {
			isa = PBXNativeTarget;
			buildConfigurationList = CD36140B1A49C4B4006AE87E /* Build configuration list for PBXNativeTarget "SmartSprayTests" */;
			buildPhases = (
				CD3613FA1A49C4B4006AE87E /* Sources */,
				CD3613FB1A49C4B4006AE87E /* Frameworks */,
				CD3613FC1A49C4B4006AE87E /* Resources */,
			);
			buildRules = (
			);
			dependencies = (
				CD3614001A49C4B4006AE87E /* PBXTargetDependency */,
			);
			name = SmartSprayTests;
			productName = SmartSprayTests;
			productReference = CD3613FE1A49C4B4006AE87E /* SmartSprayTests.xctest */;
			productType = "com.apple.product-type.bundle.unit-test";
		};
/* End PBXNativeTarget section */

/* Begin PBXProject section */
		CD3613DE1A49C4B4006AE87E /* Project object */ = {
			isa = PBXProject;
			attributes = {
				LastUpgradeCheck = 0610;
				ORGANIZATIONNAME = MSDS;
				TargetAttributes = {
					CD3613E51A49C4B4006AE87E = {
						CreatedOnToolsVersion = 6.1.1;
					};
					CD3613FD1A49C4B4006AE87E = {
						CreatedOnToolsVersion = 6.1.1;
						TestTargetID = CD3613E51A49C4B4006AE87E;
					};
				};
			};
			buildConfigurationList = CD3613E11A49C4B4006AE87E /* Build configuration list for PBXProject "SmartSpray" */;
			compatibilityVersion = "Xcode 3.2";
			developmentRegion = English;
			hasScannedForEncodings = 0;
			knownRegions = (
				en,
				Base,
			);
			mainGroup = CD3613DD1A49C4B4006AE87E;
			productRefGroup = CD3613E71A49C4B4006AE87E /* Products */;
			projectDirPath = "";
			projectRoot = "";
			targets = (
				CD3613E51A49C4B4006AE87E /* SmartSpray */,
				CD3613FD1A49C4B4006AE87E /* SmartSprayTests */,
			);
		};
/* End PBXProject section */

/* Begin PBXResourcesBuildPhase section */
		CD3613E41A49C4B4006AE87E /* Resources */ = {
			isa = PBXResourcesBuildPhase;
			buildActionMask = 2147483647;
			files = (
				CDF0D7F01A4F5FEC00FBA892 /* siren.mp3 in Resources */,
				CDF0D7F51A50B7B500FBA892 /* camera-icon.png in Resources */,
				CDF0D7D61A4EA87A00FBA892 /* separate-top-angle.png in Resources */,
				CDEDC23E1A62792F00EA0127 /* CBPeripheralViewController.xib in Resources */,
				CDF0D7D71A4EA87A00FBA892 /* smart-spray.png in Resources */,
				CDF0D7F61A50B7B500FBA892 /* message-icon.png in Resources */,
				CDEDC2331A625B4500EA0127 /* Default-568h@2x.png in Resources */,
				CDF0D7F71A50B7B500FBA892 /* phone-icon.png in Resources */,
				CDF0D7D41A4EA87A00FBA892 /* msds-icon.png in Resources */,
				CD3613F61A49C4B4006AE87E /* Images.xcassets in Resources */,
				CDF0D7D51A4EA87A00FBA892 /* msds-name.png in Resources */,
				CDF0D7F81A50B7B500FBA892 /* speaker-icon.png in Resources */,
				CDF0D7CA1A4EA5A600FBA892 /* HomeViewController.xib in Resources */,
			);
			runOnlyForDeploymentPostprocessing = 0;
		};
		CD3613FC1A49C4B4006AE87E /* Resources */ = {
			isa = PBXResourcesBuildPhase;
			buildActionMask = 2147483647;
			files = (
			);
			runOnlyForDeploymentPostprocessing = 0;
		};
/* End PBXResourcesBuildPhase section */

/* Begin PBXSourcesBuildPhase section */
		CD3613E21A49C4B4006AE87E /* Sources */ = {
			isa = PBXSourcesBuildPhase;
			buildActionMask = 2147483647;
			files = (
				CD3613EC1A49C4B4006AE87E /* AppDelegate.swift in Sources */,
				CD3613EF1A49C4B4006AE87E /* SmartSpray.xcdatamodeld in Sources */,
				CDEDC23C1A6274C500EA0127 /* CBPeripheralViewController.swift in Sources */,
				CDF0D7CF1A4EA68600FBA892 /* HomeViewController.swift in Sources */,
				CDEDC2381A626E9700EA0127 /* CBCentralManagerViewController.swift in Sources */,
			);
			runOnlyForDeploymentPostprocessing = 0;
		};
		CD3613FA1A49C4B4006AE87E /* Sources */ = {
			isa = PBXSourcesBuildPhase;
			buildActionMask = 2147483647;
			files = (
				CD3614051A49C4B4006AE87E /* SmartSprayTests.swift in Sources */,
			);
			runOnlyForDeploymentPostprocessing = 0;
		};
/* End PBXSourcesBuildPhase section */

/* Begin PBXTargetDependency section */
		CD3614001A49C4B4006AE87E /* PBXTargetDependency */ = {
			isa = PBXTargetDependency;
			target = CD3613E51A49C4B4006AE87E /* SmartSpray */;
			targetProxy = CD3613FF1A49C4B4006AE87E /* PBXContainerItemProxy */;
		};
/* End PBXTargetDependency section */

/* Begin XCBuildConfiguration section */
		CD3614061A49C4B4006AE87E /* Debug */ = {
			isa = XCBuildConfiguration;
			buildSettings = {
				ALWAYS_SEARCH_USER_PATHS = NO;
				CLANG_CXX_LANGUAGE_STANDARD = "gnu++0x";
				CLANG_CXX_LIBRARY = "libc++";
				CLANG_ENABLE_MODULES = YES;
				CLANG_ENABLE_OBJC_ARC = YES;
				CLANG_WARN_BOOL_CONVERSION = YES;
				CLANG_WARN_CONSTANT_CONVERSION = YES;
				CLANG_WARN_DIRECT_OBJC_ISA_USAGE = YES_ERROR;
				CLANG_WARN_EMPTY_BODY = YES;
				CLANG_WARN_ENUM_CONVERSION = YES;
				CLANG_WARN_INT_CONVERSION = YES;
				CLANG_WARN_OBJC_ROOT_CLASS = YES_ERROR;
				CLANG_WARN_UNREACHABLE_CODE = YES;
				CLANG_WARN__DUPLICATE_METHOD_MATCH = YES;
				"CODE_SIGN_IDENTITY[sdk=iphoneos*]" = "iPhone Developer";
				COPY_PHASE_STRIP = NO;
				ENABLE_STRICT_OBJC_MSGSEND = YES;
				GCC_C_LANGUAGE_STANDARD = gnu99;
				GCC_DYNAMIC_NO_PIC = NO;
				GCC_OPTIMIZATION_LEVEL = 0;
				GCC_PREPROCESSOR_DEFINITIONS = (
					"DEBUG=1",
					"$(inherited)",
				);
				GCC_SYMBOLS_PRIVATE_EXTERN = NO;
				GCC_WARN_64_TO_32_BIT_CONVERSION = YES;
				GCC_WARN_ABOUT_RETURN_TYPE = YES_ERROR;
				GCC_WARN_UNDECLARED_SELECTOR = YES;
				GCC_WARN_UNINITIALIZED_AUTOS = YES_AGGRESSIVE;
				GCC_WARN_UNUSED_FUNCTION = YES;
				GCC_WARN_UNUSED_VARIABLE = YES;
				IPHONEOS_DEPLOYMENT_TARGET = 8.1;
				MTL_ENABLE_DEBUG_INFO = YES;
				ONLY_ACTIVE_ARCH = YES;
				SDKROOT = iphoneos;
				SWIFT_OPTIMIZATION_LEVEL = "-Onone";
			};
			name = Debug;
		};
		CD3614071A49C4B4006AE87E /* Release */ = {
			isa = XCBuildConfiguration;
			buildSettings = {
				ALWAYS_SEARCH_USER_PATHS = NO;
				CLANG_CXX_LANGUAGE_STANDARD = "gnu++0x";
				CLANG_CXX_LIBRARY = "libc++";
				CLANG_ENABLE_MODULES = YES;
				CLANG_ENABLE_OBJC_ARC = YES;
				CLANG_WARN_BOOL_CONVERSION = YES;
				CLANG_WARN_CONSTANT_CONVERSION = YES;
				CLANG_WARN_DIRECT_OBJC_ISA_USAGE = YES_ERROR;
				CLANG_WARN_EMPTY_BODY = YES;
				CLANG_WARN_ENUM_CONVERSION = YES;
				CLANG_WARN_INT_CONVERSION = YES;
				CLANG_WARN_OBJC_ROOT_CLASS = YES_ERROR;
				CLANG_WARN_UNREACHABLE_CODE = YES;
				CLANG_WARN__DUPLICATE_METHOD_MATCH = YES;
				"CODE_SIGN_IDENTITY[sdk=iphoneos*]" = "iPhone Developer";
				COPY_PHASE_STRIP = YES;
				ENABLE_NS_ASSERTIONS = NO;
				ENABLE_STRICT_OBJC_MSGSEND = YES;
				GCC_C_LANGUAGE_STANDARD = gnu99;
				GCC_WARN_64_TO_32_BIT_CONVERSION = YES;
				GCC_WARN_ABOUT_RETURN_TYPE = YES_ERROR;
				GCC_WARN_UNDECLARED_SELECTOR = YES;
				GCC_WARN_UNINITIALIZED_AUTOS = YES_AGGRESSIVE;
				GCC_WARN_UNUSED_FUNCTION = YES;
				GCC_WARN_UNUSED_VARIABLE = YES;
				IPHONEOS_DEPLOYMENT_TARGET = 8.1;
				MTL_ENABLE_DEBUG_INFO = NO;
				SDKROOT = iphoneos;
				VALIDATE_PRODUCT = YES;
			};
			name = Release;
		};
		CD3614091A49C4B4006AE87E /* Debug */ = {
			isa = XCBuildConfiguration;
			buildSettings = {
				ASSETCATALOG_COMPILER_APPICON_NAME = AppIcon;
				INFOPLIST_FILE = SmartSpray/Info.plist;
				LD_RUNPATH_SEARCH_PATHS = "$(inherited) @executable_path/Frameworks";
				PRODUCT_NAME = "$(TARGET_NAME)";
			};
			name = Debug;
		};
		CD36140A1A49C4B4006AE87E /* Release */ = {
			isa = XCBuildConfiguration;
			buildSettings = {
				ASSETCATALOG_COMPILER_APPICON_NAME = AppIcon;
				INFOPLIST_FILE = SmartSpray/Info.plist;
				LD_RUNPATH_SEARCH_PATHS = "$(inherited) @executable_path/Frameworks";
				PRODUCT_NAME = "$(TARGET_NAME)";
			};
			name = Release;
		};
		CD36140C1A49C4B4006AE87E /* Debug */ = {
			isa = XCBuildConfiguration;
			buildSettings = {
				BUNDLE_LOADER = "$(TEST_HOST)";
				FRAMEWORK_SEARCH_PATHS = (
					"$(SDKROOT)/Developer/Library/Frameworks",
					"$(inherited)",
				);
				GCC_PREPROCESSOR_DEFINITIONS = (
					"DEBUG=1",
					"$(inherited)",
				);
				INFOPLIST_FILE = SmartSprayTests/Info.plist;
				LD_RUNPATH_SEARCH_PATHS = "$(inherited) @executable_path/Frameworks @loader_path/Frameworks";
				PRODUCT_NAME = "$(TARGET_NAME)";
				TEST_HOST = "$(BUILT_PRODUCTS_DIR)/SmartSpray.app/SmartSpray";
			};
			name = Debug;
		};
		CD36140D1A49C4B4006AE87E /* Release */ = {
			isa = XCBuildConfiguration;
			buildSettings = {
				BUNDLE_LOADER = "$(TEST_HOST)";
				FRAMEWORK_SEARCH_PATHS = (
					"$(SDKROOT)/Developer/Library/Frameworks",
					"$(inherited)",
				);
				INFOPLIST_FILE = SmartSprayTests/Info.plist;
				LD_RUNPATH_SEARCH_PATHS = "$(inherited) @executable_path/Frameworks @loader_path/Frameworks";
				PRODUCT_NAME = "$(TARGET_NAME)";
				TEST_HOST = "$(BUILT_PRODUCTS_DIR)/SmartSpray.app/SmartSpray";
			};
			name = Release;
		};
/* End XCBuildConfiguration section */

/* Begin XCConfigurationList section */
		CD3613E11A49C4B4006AE87E /* Build configuration list for PBXProject "SmartSpray" */ = {
			isa = XCConfigurationList;
			buildConfigurations = (
				CD3614061A49C4B4006AE87E /* Debug */,
				CD3614071A49C4B4006AE87E /* Release */,
			);
			defaultConfigurationIsVisible = 0;
			defaultConfigurationName = Release;
		};
		CD3614081A49C4B4006AE87E /* Build configuration list for PBXNativeTarget "SmartSpray" */ = {
			isa = XCConfigurationList;
			buildConfigurations = (
				CD3614091A49C4B4006AE87E /* Debug */,
				CD36140A1A49C4B4006AE87E /* Release */,
			);
			defaultConfigurationIsVisible = 0;
			defaultConfigurationName = Release;
		};
		CD36140B1A49C4B4006AE87E /* Build configuration list for PBXNativeTarget "SmartSprayTests" */ = {
			isa = XCConfigurationList;
			buildConfigurations = (
				CD36140C1A49C4B4006AE87E /* Debug */,
				CD36140D1A49C4B4006AE87E /* Release */,
			);
			defaultConfigurationIsVisible = 0;
			defaultConfigurationName = Release;
		};
/* End XCConfigurationList section */

/* Begin XCVersionGroup section */
		CD3613ED1A49C4B4006AE87E /* SmartSpray.xcdatamodeld */ = {
			isa = XCVersionGroup;
			children = (
				CD3613EE1A49C4B4006AE87E /* SmartSpray.xcdatamodel */,
			);
			currentVersion = CD3613EE1A49C4B4006AE87E /* SmartSpray.xcdatamodel */;
			path = SmartSpray.xcdatamodeld;
			sourceTree = "<group>";
			versionGroupType = wrapper.xcdatamodel;
		};
/* End XCVersionGroup section */
	};
	rootObject = CD3613DE1A49C4B4006AE87E /* Project object */;
}
